
Microsoft Visual Studio Solution File, Format Version 12.00
# Visual Studio Version 16
VisualStudioVersion = 16.0.29709.97
MinimumVisualStudioVersion = 10.0.40219.1
Project("{2150E333-8FDC-42A3-9474-1A3956D46DE8}") = ".nuget", ".nuget", "{1CC5B971-0D2A-4653-89C8-52A71DD298BC}"
	ProjectSection(SolutionItems) = preProject
		.nuget\NuGet.Config = .nuget\NuGet.Config
	EndProjectSection
EndProject
Project("{2150E333-8FDC-42A3-9474-1A3956D46DE8}") = "Solution Items", "Solution Items", "{9349F261-AA16-4F9A-973E-D4EFFBF70B65}"
	ProjectSection(SolutionItems) = preProject
		src\Dnn.DependencyInjection.Samples.WebForms\cake.config = src\Dnn.DependencyInjection.Samples.WebForms\cake.config
	EndProjectSection
EndProject
Project("{FAE04EC0-301F-11D3-BF4B-00C04F79EFBC}") = "Dnn.DependencyInjection.Samples.WebForms", "src\Dnn.DependencyInjection.Samples.WebForms\Dnn.DependencyInjection.Samples.WebForms.csproj", "{AD1A58BB-FBF7-4212-BF69-F81A84652ACA}"
EndProject
Project("{FAE04EC0-301F-11D3-BF4B-00C04F79EFBC}") = "Dnn.DependencyInjection.Samples.Mvc", "src\Dnn.DependencyInjection.Samples.Mvc\Dnn.DependencyInjection.Samples.Mvc.csproj", "{D79AE31F-AEF2-464C-AE90-DE7E0912B86E}"
EndProject
Project("{FAE04EC0-301F-11D3-BF4B-00C04F79EFBC}") = "Dnn.DependencyInjection.Samples.Razor3", "src\Dnn.DependencyInjection.Samples.Razor3\Dnn.DependencyInjection.Samples.Razor3.csproj", "{917172A2-6DBD-4021-8AF2-E112B3E21C4C}"
EndProject
Project("{FAE04EC0-301F-11D3-BF4B-00C04F79EFBC}") = "Dnn.DependencyInjection.Samples.Spa", "src\Dnn.DependencyInjection.Samples.Spa\Dnn.DependencyInjection.Samples.Spa.csproj", "{F51BCFB8-6AB5-44BC-BC51-179BD55D3B73}"
EndProject
Global
	GlobalSection(SolutionConfigurationPlatforms) = preSolution
		Debug|Any CPU = Debug|Any CPU
		Release|Any CPU = Release|Any CPU
	EndGlobalSection
	GlobalSection(ProjectConfigurationPlatforms) = postSolution
		{AD1A58BB-FBF7-4212-BF69-F81A84652ACA}.Debug|Any CPU.ActiveCfg = Debug|Any CPU
		{AD1A58BB-FBF7-4212-BF69-F81A84652ACA}.Debug|Any CPU.Build.0 = Debug|Any CPU
		{AD1A58BB-FBF7-4212-BF69-F81A84652ACA}.Release|Any CPU.ActiveCfg = Release|Any CPU
		{AD1A58BB-FBF7-4212-BF69-F81A84652ACA}.Release|Any CPU.Build.0 = Release|Any CPU
		{D79AE31F-AEF2-464C-AE90-DE7E0912B86E}.Debug|Any CPU.ActiveCfg = Debug|Any CPU
		{D79AE31F-AEF2-464C-AE90-DE7E0912B86E}.Debug|Any CPU.Build.0 = Debug|Any CPU
		{D79AE31F-AEF2-464C-AE90-DE7E0912B86E}.Release|Any CPU.ActiveCfg = Release|Any CPU
		{D79AE31F-AEF2-464C-AE90-DE7E0912B86E}.Release|Any CPU.Build.0 = Release|Any CPU
		{917172A2-6DBD-4021-8AF2-E112B3E21C4C}.Debug|Any CPU.ActiveCfg = Debug|Any CPU
		{917172A2-6DBD-4021-8AF2-E112B3E21C4C}.Debug|Any CPU.Build.0 = Debug|Any CPU
		{917172A2-6DBD-4021-8AF2-E112B3E21C4C}.Release|Any CPU.ActiveCfg = Release|Any CPU
		{917172A2-6DBD-4021-8AF2-E112B3E21C4C}.Release|Any CPU.Build.0 = Release|Any CPU
		{F51BCFB8-6AB5-44BC-BC51-179BD55D3B73}.Debug|Any CPU.ActiveCfg = Debug|Any CPU
		{F51BCFB8-6AB5-44BC-BC51-179BD55D3B73}.Debug|Any CPU.Build.0 = Debug|Any CPU
		{F51BCFB8-6AB5-44BC-BC51-179BD55D3B73}.Release|Any CPU.ActiveCfg = Release|Any CPU
		{F51BCFB8-6AB5-44BC-BC51-179BD55D3B73}.Release|Any CPU.Build.0 = Release|Any CPU
	EndGlobalSection
	GlobalSection(SolutionProperties) = preSolution
		HideSolutionNode = FALSE
	EndGlobalSection
	GlobalSection(ExtensibilityGlobals) = postSolution
		SolutionGuid = {A33877B2-394B-468A-BB8E-549457AA30EA}
	EndGlobalSection
EndGlobal
